
Microsoft Visual Studio Solution File, Format Version 12.00
# Visual Studio 15
VisualStudioVersion = 15.0.28307.1972
MinimumVisualStudioVersion = 10.0.40219.1
Project("{FAE04EC0-301F-11D3-BF4B-00C04F79EFBC}") = "API_IMC", "API_IMC\API_IMC.csproj", "{E4BF7E66-9990-4E09-B624-942A1A6883E5}"
EndProject
Global
	GlobalSection(SolutionConfigurationPlatforms) = preSolution
		Debug|Any CPU = Debug|Any CPU
		Release|Any CPU = Release|Any CPU
	EndGlobalSection
	GlobalSection(ProjectConfigurationPlatforms) = postSolution
		{E4BF7E66-9990-4E09-B624-942A1A6883E5}.Debug|Any CPU.ActiveCfg = Debug|Any CPU
		{E4BF7E66-9990-4E09-B624-942A1A6883E5}.Debug|Any CPU.Build.0 = Debug|Any CPU
		{E4BF7E66-9990-4E09-B624-942A1A6883E5}.Release|Any CPU.ActiveCfg = Release|Any CPU
		{E4BF7E66-9990-4E09-B624-942A1A6883E5}.Release|Any CPU.Build.0 = Release|Any CPU
	EndGlobalSection
	GlobalSection(SolutionProperties) = preSolution
		HideSolutionNode = FALSE
	EndGlobalSection
	GlobalSection(ExtensibilityGlobals) = postSolution
		SolutionGuid = {E5ED2801-3824-4C56-9E13-4A18DEBF4298}
	EndGlobalSection
EndGlobal
